
Microsoft Visual Studio Solution File, Format Version 12.00
# Visual Studio 15
Project("{FAE04EC0-301F-11D3-BF4B-00C04F79EFBC}") = "Assembly-CSharp", "Assembly-CSharp.csproj", "{163C29FD-08E9-A874-7307-0C4AAEDBE006}"
EndProject
Global
	GlobalSection(SolutionConfigurationPlatforms) = preSolution
		Debug|Any CPU = Debug|Any CPU
		Release|Any CPU = Release|Any CPU
	EndGlobalSection
	GlobalSection(ProjectConfigurationPlatforms) = postSolution
		{163C29FD-08E9-A874-7307-0C4AAEDBE006}.Debug|Any CPU.ActiveCfg = Debug|Any CPU
		{163C29FD-08E9-A874-7307-0C4AAEDBE006}.Debug|Any CPU.Build.0 = Debug|Any CPU
		{163C29FD-08E9-A874-7307-0C4AAEDBE006}.Release|Any CPU.ActiveCfg = Release|Any CPU
		{163C29FD-08E9-A874-7307-0C4AAEDBE006}.Release|Any CPU.Build.0 = Release|Any CPU
	EndGlobalSection
	GlobalSection(SolutionProperties) = preSolution
		HideSolutionNode = FALSE
	EndGlobalSection
EndGlobal
